
Microsoft Visual Studio Solution File, Format Version 12.00
# Visual Studio 15
Project("{FAE04EC0-301F-11D3-BF4B-00C04F79EFBC}") = "Assembly-CSharp", "Assembly-CSharp.csproj", "{D20693C0-A507-C063-1855-1C50819C96F7}"
EndProject
Project("{FAE04EC0-301F-11D3-BF4B-00C04F79EFBC}") = "Assembly-CSharp-Editor", "Assembly-CSharp-Editor.csproj", "{8B03752C-F240-E5B4-1790-F2D12345F0AA}"
EndProject
Global
	GlobalSection(SolutionConfigurationPlatforms) = preSolution
		Debug|Any CPU = Debug|Any CPU
		Release|Any CPU = Release|Any CPU
	EndGlobalSection
	GlobalSection(ProjectConfigurationPlatforms) = postSolution
		{D20693C0-A507-C063-1855-1C50819C96F7}.Debug|Any CPU.ActiveCfg = Debug|Any CPU
		{D20693C0-A507-C063-1855-1C50819C96F7}.Debug|Any CPU.Build.0 = Debug|Any CPU
		{D20693C0-A507-C063-1855-1C50819C96F7}.Release|Any CPU.ActiveCfg = Release|Any CPU
		{D20693C0-A507-C063-1855-1C50819C96F7}.Release|Any CPU.Build.0 = Release|Any CPU
		{8B03752C-F240-E5B4-1790-F2D12345F0AA}.Debug|Any CPU.ActiveCfg = Debug|Any CPU
		{8B03752C-F240-E5B4-1790-F2D12345F0AA}.Debug|Any CPU.Build.0 = Debug|Any CPU
		{8B03752C-F240-E5B4-1790-F2D12345F0AA}.Release|Any CPU.ActiveCfg = Release|Any CPU
		{8B03752C-F240-E5B4-1790-F2D12345F0AA}.Release|Any CPU.Build.0 = Release|Any CPU
	EndGlobalSection
	GlobalSection(SolutionProperties) = preSolution
		HideSolutionNode = FALSE
	EndGlobalSection
EndGlobal
